
Microsoft Visual Studio Solution File, Format Version 12.00
# Visual Studio Version 16
VisualStudioVersion = 16.0.30309.148
MinimumVisualStudioVersion = 10.0.40219.1
Project("{FAE04EC0-301F-11D3-BF4B-00C04F79EFBC}") = "PickRandomCards", "PickRandomCards\PickRandomCards.csproj", "{370B1425-F558-4AAF-A7ED-98F99734FBEC}"
EndProject
Global
	GlobalSection(SolutionConfigurationPlatforms) = preSolution
		Debug|Any CPU = Debug|Any CPU
		Release|Any CPU = Release|Any CPU
	EndGlobalSection
	GlobalSection(ProjectConfigurationPlatforms) = postSolution
		{370B1425-F558-4AAF-A7ED-98F99734FBEC}.Debug|Any CPU.ActiveCfg = Debug|Any CPU
		{370B1425-F558-4AAF-A7ED-98F99734FBEC}.Debug|Any CPU.Build.0 = Debug|Any CPU
		{370B1425-F558-4AAF-A7ED-98F99734FBEC}.Release|Any CPU.ActiveCfg = Release|Any CPU
		{370B1425-F558-4AAF-A7ED-98F99734FBEC}.Release|Any CPU.Build.0 = Release|Any CPU
	EndGlobalSection
	GlobalSection(SolutionProperties) = preSolution
		HideSolutionNode = FALSE
	EndGlobalSection
	GlobalSection(ExtensibilityGlobals) = postSolution
		SolutionGuid = {74CD3E6F-7C45-45F2-8FD7-AC4AE9CE720E}
	EndGlobalSection
EndGlobal
